<?xml version="1.0" encoding="utf-8"?>
<Project ToolsVersion="4.0" xmlns="http://schemas.microsoft.com/developer/msbuild/2003">
  <ItemGroup>
    <Filter Include="Source Files">
      <UniqueIdentifier>{4FC737F1-C7A5-4376-A066-2A32D752A2FF}</UniqueIdentifier>
      <Extensions>cpp;c;cc;cxx;def;odl;idl;hpj;bat;asm;asmx</Extensions>
    </Filter>
    <Filter Include="Header Files">
      <UniqueIdentifier>{93995380-89BD-4b04-88EB-625FBE52EBFB}</UniqueIdentifier>
      <Extensions>h;hh;hpp;hxx;hm;inl;inc;xsd</Extensions>
    </Filter>
    <Filter Include="Resource Files">
      <UniqueIdentifier>{D9D6E242-F8AF-46E4-B9FD-80ECBC20BA3E}</UniqueIdentifier>
      <Extensions>qrc;*</Extensions>
      <ParseFiles>false</ParseFiles>
    </Filter>
    <Filter Include="Form Files">
      <UniqueIdentifier>{99349809-55BA-4b9d-BF79-8FDBB0286EB3}</UniqueIdentifier>
      <Extensions>ui</Extensions>
    </Filter>
    <Filter Include="Resource Files">
      <UniqueIdentifier>{D9D6E242-F8AF-46E4-B9FD-80ECBC20BA3E}</UniqueIdentifier>
      <Extensions>qrc;*</Extensions>
      <ParseFiles>false</ParseFiles>
    </Filter>
    <Filter Include="Generated Files">
      <UniqueIdentifier>{71ED8ED8-ACB9-4CE9-BBE1-E00B30144E11}</UniqueIdentifier>
      <Extensions>moc;h;cpp</Extensions>
      <SourceControlFiles>False</SourceControlFiles>
    </Filter>
    <Filter Include="Generated Files\Debug">
      <UniqueIdentifier>{a955c583-d2ce-491b-b8cd-d9bf72aff137}</UniqueIdentifier>
      <Extensions>cpp;moc</Extensions>
      <SourceControlFiles>False</SourceControlFiles>
    </Filter>
    <Filter Include="Generated Files\Release">
      <UniqueIdentifier>{16936207-3a55-4362-8f4f-dab3260b4c04}</UniqueIdentifier>
      <Extensions>cpp;moc</Extensions>
      <SourceControlFiles>False</SourceControlFiles>
    </Filter>
    <Filter Include="Header Files\Animals">
      <UniqueIdentifier>{2b208182-fcd2-48ca-87e8-b418747df2a6}</UniqueIdentifier>
    </Filter>
    <Filter Include="Source Files\Animals">
      <UniqueIdentifier>{2333bc27-2baa-4f14-8762-2d4b31278049}</UniqueIdentifier>
    </Filter>
  </ItemGroup>
  <ItemGroup>
    <ClCompile Include="main.cpp">
      <Filter>Source Files</Filter>
    </ClCompile>
    <ClCompile Include="ecosystem.cpp">
      <Filter>Source Files</Filter>
    </ClCompile>
    <ClCompile Include="System.cpp">
      <Filter>Source Files</Filter>
    </ClCompile>
    <ClCompile Include="Organism.cpp">
      <Filter>Source Files</Filter>
    </ClCompile>
    <ClCompile Include="Animal.cpp">
      <Filter>Source Files</Filter>
    </ClCompile>
    <ClCompile Include="DialogSetting.cpp">
      <Filter>Source Files</Filter>
    </ClCompile>
    <ClCompile Include="SettingData.cpp">
      <Filter>Source Files</Filter>
    </ClCompile>
    <ClCompile Include="Grass.cpp">
      <Filter>Source Files</Filter>
    </ClCompile>
    <ClCompile Include="Cattle.cpp">
      <Filter>Source Files\Animals</Filter>
    </ClCompile>
    <ClCompile Include="Chick.cpp">
      <Filter>Source Files\Animals</Filter>
    </ClCompile>
    <ClCompile Include="Deer.cpp">
      <Filter>Source Files\Animals</Filter>
    </ClCompile>
    <ClCompile Include="Lion.cpp">
      <Filter>Source Files\Animals</Filter>
    </ClCompile>
    <ClCompile Include="Pig.cpp">
      <Filter>Source Files\Animals</Filter>
    </ClCompile>
    <ClCompile Include="Tiger.cpp">
      <Filter>Source Files\Animals</Filter>
    </ClCompile>
    <ClCompile Include="Wolf.cpp">
      <Filter>Source Files\Animals</Filter>
    </ClCompile>
    <ClCompile Include="Elephant.cpp">
      <Filter>Source Files\Animals</Filter>
    </ClCompile>
    <ClCompile Include="ClickableLabel.cpp">
      <Filter>Source Files</Filter>
    </ClCompile>
    <ClCompile Include="DataDialog.cpp">
      <Filter>Source Files</Filter>
    </ClCompile>
    <ClCompile Include="GeneratedFiles\Debug\moc_DialogSetting.cpp">
      <Filter>Generated Files\Debug</Filter>
    </ClCompile>
    <ClCompile Include="GeneratedFiles\Release\moc_DialogSetting.cpp">
      <Filter>Generated Files\Release</Filter>
    </ClCompile>
    <ClCompile Include="GeneratedFiles\Debug\moc_DataDialog.cpp">
      <Filter>Generated Files\Debug</Filter>
    </ClCompile>
    <ClCompile Include="GeneratedFiles\Release\moc_DataDialog.cpp">
      <Filter>Generated Files\Release</Filter>
    </ClCompile>
    <ClCompile Include="GeneratedFiles\Debug\moc_ClickableLabel.cpp">
      <Filter>Generated Files\Debug</Filter>
    </ClCompile>
    <ClCompile Include="GeneratedFiles\Release\moc_ClickableLabel.cpp">
      <Filter>Generated Files\Release</Filter>
    </ClCompile>
    <ClCompile Include="GeneratedFiles\Debug\moc_ecosystem.cpp">
      <Filter>Generated Files\Debug</Filter>
    </ClCompile>
    <ClCompile Include="GeneratedFiles\Release\moc_ecosystem.cpp">
      <Filter>Generated Files\Release</Filter>
    </ClCompile>
    <ClCompile Include="GeneratedFiles\qrc_ecosystem.cpp">
      <Filter>Generated Files</Filter>
    </ClCompile>
  </ItemGroup>
  <ItemGroup>
    <CustomBuild Include="ecosystem.h">
      <Filter>Header Files</Filter>
    </CustomBuild>
    <CustomBuild Include="ecosystem.ui">
      <Filter>Form Files</Filter>
    </CustomBuild>
    <CustomBuild Include="ecosystem.qrc">
      <Filter>Resource Files</Filter>
    </CustomBuild>
    <CustomBuild Include="DialogSetting.ui">
      <Filter>Form Files</Filter>
    </CustomBuild>
    <CustomBuild Include="DialogSetting.h">
      <Filter>Header Files</Filter>
    </CustomBuild>
    <CustomBuild Include="ClickableLabel.h">
      <Filter>Header Files</Filter>
    </CustomBuild>
    <CustomBuild Include="DataDialog.h">
      <Filter>Header Files</Filter>
    </CustomBuild>
    <CustomBuild Include="DialogData.ui">
      <Filter>Form Files</Filter>
    </CustomBuild>
    <CustomBuild Include="Animal.h">
      <Filter>Header Files</Filter>
    </CustomBuild>
    <CustomBuild Include="Grass.h">
      <Filter>Header Files</Filter>
    </CustomBuild>
    <CustomBuild Include="Organism.h">
      <Filter>Header Files</Filter>
    </CustomBuild>
    <CustomBuild Include="resource.h">
      <Filter>Header Files</Filter>
    </CustomBuild>
    <CustomBuild Include="SettingData.h">
      <Filter>Header Files</Filter>
    </CustomBuild>
    <CustomBuild Include="System.h">
      <Filter>Header Files</Filter>
    </CustomBuild>
    <CustomBuild Include="Elephant.h">
      <Filter>Header Files\Animals</Filter>
    </CustomBuild>
    <CustomBuild Include="Tiger.h">
      <Filter>Header Files\Animals</Filter>
    </CustomBuild>
    <CustomBuild Include="Wolf.h">
      <Filter>Header Files\Animals</Filter>
    </CustomBuild>
    <CustomBuild Include="Cattle.h">
      <Filter>Header Files\Animals</Filter>
    </CustomBuild>
    <CustomBuild Include="Chick.h">
      <Filter>Header Files\Animals</Filter>
    </CustomBuild>
    <CustomBuild Include="Deer.h">
      <Filter>Header Files\Animals</Filter>
    </CustomBuild>
    <CustomBuild Include="Lion.h">
      <Filter>Header Files\Animals</Filter>
    </CustomBuild>
    <CustomBuild Include="Pig.h">
      <Filter>Header Files\Animals</Filter>
    </CustomBuild>
    <CustomBuild Include="Resources\background.jpg">
      <Filter>Resource Files</Filter>
    </CustomBuild>
    <CustomBuild Include="Resources\bone.png">
      <Filter>Resource Files</Filter>
    </CustomBuild>
    <CustomBuild Include="Resources\cattle.png">
      <Filter>Resource Files</Filter>
    </CustomBuild>
    <CustomBuild Include="Resources\chick.png">
      <Filter>Resource Files</Filter>
    </CustomBuild>
    <CustomBuild Include="Resources\deer.png">
      <Filter>Resource Files</Filter>
    </CustomBuild>
    <CustomBuild Include="Resources\elephant.png">
      <Filter>Resource Files</Filter>
    </CustomBuild>
    <CustomBuild Include="Resources\grass.png">
      <Filter>Resource Files</Filter>
    </CustomBuild>
    <CustomBuild Include="Resources\light.png">
      <Filter>Resource Files</Filter>
    </CustomBuild>
    <CustomBuild Include="Resources\lion.png">
      <Filter>Resource Files</Filter>
    </CustomBuild>
    <CustomBuild Include="Resources\pig.png">
      <Filter>Resource Files</Filter>
    </CustomBuild>
    <CustomBuild Include="Resources\tiger.png">
      <Filter>Resource Files</Filter>
    </CustomBuild>
    <CustomBuild Include="Resources\wolf.png">
      <Filter>Resource Files</Filter>
    </CustomBuild>
    <CustomBuild Include="GeneratedFiles\ui_DialogData.h">
      <Filter>Generated Files</Filter>
    </CustomBuild>
    <CustomBuild Include="GeneratedFiles\ui_DialogSetting.h">
      <Filter>Generated Files</Filter>
    </CustomBuild>
    <CustomBuild Include="GeneratedFiles\ui_ecosystem.h">
      <Filter>Generated Files</Filter>
    </CustomBuild>
  </ItemGroup>
  <ItemGroup>
    <ResourceCompile Include="ecosystem.rc" />
  </ItemGroup>
</Project>